
Microsoft Visual Studio Solution File, Format Version 12.00
# Visual Studio Version 16
VisualStudioVersion = 16.0.30204.135
MinimumVisualStudioVersion = 10.0.40219.1
Project("{FAE04EC0-301F-11D3-BF4B-00C04F79EFBC}") = "PsexecWin", "PsexecWin\PsexecWin.csproj", "{DDF186B0-AFC4-49E3-8584-C427736F9574}"
EndProject
Global
	GlobalSection(SolutionConfigurationPlatforms) = preSolution
		Debug|Any CPU = Debug|Any CPU
		Release|Any CPU = Release|Any CPU
	EndGlobalSection
	GlobalSection(ProjectConfigurationPlatforms) = postSolution
		{DDF186B0-AFC4-49E3-8584-C427736F9574}.Debug|Any CPU.ActiveCfg = Debug|Any CPU
		{DDF186B0-AFC4-49E3-8584-C427736F9574}.Debug|Any CPU.Build.0 = Debug|Any CPU
		{DDF186B0-AFC4-49E3-8584-C427736F9574}.Release|Any CPU.ActiveCfg = Release|Any CPU
		{DDF186B0-AFC4-49E3-8584-C427736F9574}.Release|Any CPU.Build.0 = Release|Any CPU
	EndGlobalSection
	GlobalSection(SolutionProperties) = preSolution
		HideSolutionNode = FALSE
	EndGlobalSection
	GlobalSection(ExtensibilityGlobals) = postSolution
		SolutionGuid = {37C33205-F7AE-4296-95AE-8FC8F46B2D17}
	EndGlobalSection
EndGlobal
